
Microsoft Visual Studio Solution File, Format Version 12.00
# Visual Studio Express 2013 for Windows Desktop
VisualStudioVersion = 12.0.40629.0
MinimumVisualStudioVersion = 10.0.40219.1
Project("{FAE04EC0-301F-11D3-BF4B-00C04F79EFBC}") = "exe1", "exe1\exe1.csproj", "{DC17FEDB-C78E-4966-B36D-A7AC86415686}"
EndProject
Global
	GlobalSection(SolutionConfigurationPlatforms) = preSolution
		Debug|Any CPU = Debug|Any CPU
		Release|Any CPU = Release|Any CPU
	EndGlobalSection
	GlobalSection(ProjectConfigurationPlatforms) = postSolution
		{DC17FEDB-C78E-4966-B36D-A7AC86415686}.Debug|Any CPU.ActiveCfg = Debug|Any CPU
		{DC17FEDB-C78E-4966-B36D-A7AC86415686}.Debug|Any CPU.Build.0 = Debug|Any CPU
		{DC17FEDB-C78E-4966-B36D-A7AC86415686}.Release|Any CPU.ActiveCfg = Release|Any CPU
		{DC17FEDB-C78E-4966-B36D-A7AC86415686}.Release|Any CPU.Build.0 = Release|Any CPU
	EndGlobalSection
	GlobalSection(SolutionProperties) = preSolution
		HideSolutionNode = FALSE
	EndGlobalSection
EndGlobal
